// !$*UTF8*$!
{
	archiveVersion = 1;
	classes = {
	};
	objectVersion = 50;
	objects = {

/* Begin PBXBuildFile section */
		605F89B52359FBC9002167FC /* main.swift in Sources */ = {isa = PBXBuildFile; fileRef = 605F89B42359FBC9002167FC /* main.swift */; };
		605F89BD2359FC11002167FC /* reader.swift in Sources */ = {isa = PBXBuildFile; fileRef = 605F89BB2359FC11002167FC /* reader.swift */; };
		605F89BE2359FC11002167FC /* binary_chunk.swift in Sources */ = {isa = PBXBuildFile; fileRef = 605F89BC2359FC11002167FC /* binary_chunk.swift */; };
		605F89C02359FDCD002167FC /* Bytes.swift in Sources */ = {isa = PBXBuildFile; fileRef = 605F89BF2359FDCD002167FC /* Bytes.swift */; };
		60FA24252361EABD0022E5DF /* OpCodes.swift in Sources */ = {isa = PBXBuildFile; fileRef = 60FA24242361EABD0022E5DF /* OpCodes.swift */; };
		60FA24272361F9CD0022E5DF /* Instruction.swift in Sources */ = {isa = PBXBuildFile; fileRef = 60FA24262361F9CD0022E5DF /* Instruction.swift */; };
		60FA2429236482DA0022E5DF /* Api.swift in Sources */ = {isa = PBXBuildFile; fileRef = 60FA2428236482DA0022E5DF /* Api.swift */; };
		60FA242B236563350022E5DF /* LuaStack.swift in Sources */ = {isa = PBXBuildFile; fileRef = 60FA242A236563350022E5DF /* LuaStack.swift */; };
		60FA242F2365946C0022E5DF /* LuaState.swift in Sources */ = {isa = PBXBuildFile; fileRef = 60FA242E2365946C0022E5DF /* LuaState.swift */; };
		60FA2431236596940022E5DF /* LuaStateInstance.swift in Sources */ = {isa = PBXBuildFile; fileRef = 60FA2430236596940022E5DF /* LuaStateInstance.swift */; };
		60FA24332365D0AC0022E5DF /* ApiAccess.swift in Sources */ = {isa = PBXBuildFile; fileRef = 60FA24322365D0AC0022E5DF /* ApiAccess.swift */; };
		60FA2436236741FD0022E5DF /* math.swift in Sources */ = {isa = PBXBuildFile; fileRef = 60FA2435236741FD0022E5DF /* math.swift */; };
		60FA24382367C12D0022E5DF /* parser.swift in Sources */ = {isa = PBXBuildFile; fileRef = 60FA24372367C12D0022E5DF /* parser.swift */; };
		60FA243A2368857B0022E5DF /* Arith.swift in Sources */ = {isa = PBXBuildFile; fileRef = 60FA24392368857B0022E5DF /* Arith.swift */; };
		9C49A1B9236BD84E00960189 /* LuaValue.swift in Sources */ = {isa = PBXBuildFile; fileRef = 9C49A1B8236BD84E00960189 /* LuaValue.swift */; };
		9C49A1BB236C459F00960189 /* LuaVM.swift in Sources */ = {isa = PBXBuildFile; fileRef = 9C49A1BA236C459F00960189 /* LuaVM.swift */; };
		9CCAFFBF23717EC600DB90F8 /* LuaValue+Table.swift in Sources */ = {isa = PBXBuildFile; fileRef = 9CCAFFBE23717EC600DB90F8 /* LuaValue+Table.swift */; };
/* End PBXBuildFile section */

/* Begin PBXCopyFilesBuildPhase section */
		605F89AF2359FBC9002167FC /* CopyFiles */ = {
			isa = PBXCopyFilesBuildPhase;
			buildActionMask = 2147483647;
			dstPath = /usr/share/man/man1/;
			dstSubfolderSpec = 0;
			files = (
			);
			runOnlyForDeploymentPostprocessing = 1;
		};
/* End PBXCopyFilesBuildPhase section */

/* Begin PBXFileReference section */
		605F89B12359FBC9002167FC /* LuaImplementation */ = {isa = PBXFileReference; explicitFileType = "compiled.mach-o.executable"; includeInIndex = 0; path = LuaImplementation; sourceTree = BUILT_PRODUCTS_DIR; };
		605F89B42359FBC9002167FC /* main.swift */ = {isa = PBXFileReference; lastKnownFileType = sourcecode.swift; path = main.swift; sourceTree = "<group>"; };
		605F89BB2359FC11002167FC /* reader.swift */ = {isa = PBXFileReference; fileEncoding = 4; lastKnownFileType = sourcecode.swift; path = reader.swift; sourceTree = "<group>"; };
		605F89BC2359FC11002167FC /* binary_chunk.swift */ = {isa = PBXFileReference; fileEncoding = 4; lastKnownFileType = sourcecode.swift; path = binary_chunk.swift; sourceTree = "<group>"; };
		605F89BF2359FDCD002167FC /* Bytes.swift */ = {isa = PBXFileReference; lastKnownFileType = sourcecode.swift; path = Bytes.swift; sourceTree = "<group>"; };
		60FA24242361EABD0022E5DF /* OpCodes.swift */ = {isa = PBXFileReference; lastKnownFileType = sourcecode.swift; path = OpCodes.swift; sourceTree = "<group>"; };
		60FA24262361F9CD0022E5DF /* Instruction.swift */ = {isa = PBXFileReference; lastKnownFileType = sourcecode.swift; path = Instruction.swift; sourceTree = "<group>"; };
		60FA2428236482DA0022E5DF /* Api.swift */ = {isa = PBXFileReference; lastKnownFileType = sourcecode.swift; path = Api.swift; sourceTree = "<group>"; };
		60FA242A236563350022E5DF /* LuaStack.swift */ = {isa = PBXFileReference; lastKnownFileType = sourcecode.swift; path = LuaStack.swift; sourceTree = "<group>"; };
		60FA242E2365946C0022E5DF /* LuaState.swift */ = {isa = PBXFileReference; lastKnownFileType = sourcecode.swift; path = LuaState.swift; sourceTree = "<group>"; };
		60FA2430236596940022E5DF /* LuaStateInstance.swift */ = {isa = PBXFileReference; lastKnownFileType = sourcecode.swift; path = LuaStateInstance.swift; sourceTree = "<group>"; };
		60FA24322365D0AC0022E5DF /* ApiAccess.swift */ = {isa = PBXFileReference; lastKnownFileType = sourcecode.swift; path = ApiAccess.swift; sourceTree = "<group>"; };
		60FA2435236741FD0022E5DF /* math.swift */ = {isa = PBXFileReference; lastKnownFileType = sourcecode.swift; path = math.swift; sourceTree = "<group>"; };
		60FA24372367C12D0022E5DF /* parser.swift */ = {isa = PBXFileReference; lastKnownFileType = sourcecode.swift; path = parser.swift; sourceTree = "<group>"; };
		60FA24392368857B0022E5DF /* Arith.swift */ = {isa = PBXFileReference; lastKnownFileType = sourcecode.swift; path = Arith.swift; sourceTree = "<group>"; };
		9C49A1B8236BD84E00960189 /* LuaValue.swift */ = {isa = PBXFileReference; lastKnownFileType = sourcecode.swift; path = LuaValue.swift; sourceTree = "<group>"; };
		9C49A1BA236C459F00960189 /* LuaVM.swift */ = {isa = PBXFileReference; lastKnownFileType = sourcecode.swift; path = LuaVM.swift; sourceTree = "<group>"; };
		9CCAFFBE23717EC600DB90F8 /* LuaValue+Table.swift */ = {isa = PBXFileReference; lastKnownFileType = sourcecode.swift; path = "LuaValue+Table.swift"; sourceTree = "<group>"; };
/* End PBXFileReference section */

/* Begin PBXFrameworksBuildPhase section */
		605F89AE2359FBC9002167FC /* Frameworks */ = {
			isa = PBXFrameworksBuildPhase;
			buildActionMask = 2147483647;
			files = (
			);
			runOnlyForDeploymentPostprocessing = 0;
		};
/* End PBXFrameworksBuildPhase section */

/* Begin PBXGroup section */
		605F89A82359FBC9002167FC = {
			isa = PBXGroup;
			children = (
				605F89B32359FBC9002167FC /* LuaImplementation */,
				605F89B22359FBC9002167FC /* Products */,
			);
			sourceTree = "<group>";
		};
		605F89B22359FBC9002167FC /* Products */ = {
			isa = PBXGroup;
			children = (
				605F89B12359FBC9002167FC /* LuaImplementation */,
			);
			name = Products;
			sourceTree = "<group>";
		};
		605F89B32359FBC9002167FC /* LuaImplementation */ = {
			isa = PBXGroup;
			children = (
				60FA2434236741F30022E5DF /* nubmer */,
				60FA242D236594630022E5DF /* Api */,
				60FA242C236563410022E5DF /* State */,
				605F89BF2359FDCD002167FC /* Bytes.swift */,
				605F89BC2359FC11002167FC /* binary_chunk.swift */,
				605F89BB2359FC11002167FC /* reader.swift */,
				605F89B42359FBC9002167FC /* main.swift */,
				60FA24242361EABD0022E5DF /* OpCodes.swift */,
				60FA24262361F9CD0022E5DF /* Instruction.swift */,
			);
			path = LuaImplementation;
			sourceTree = "<group>";
		};
		60FA242C236563410022E5DF /* State */ = {
			isa = PBXGroup;
			children = (
				60FA242A236563350022E5DF /* LuaStack.swift */,
				60FA2430236596940022E5DF /* LuaStateInstance.swift */,
				9C49A1B8236BD84E00960189 /* LuaValue.swift */,
				9CCAFFBE23717EC600DB90F8 /* LuaValue+Table.swift */,
			);
			path = State;
			sourceTree = "<group>";
		};
		60FA242D236594630022E5DF /* Api */ = {
			isa = PBXGroup;
			children = (
				60FA2428236482DA0022E5DF /* Api.swift */,
				60FA242E2365946C0022E5DF /* LuaState.swift */,
				60FA24322365D0AC0022E5DF /* ApiAccess.swift */,
				9C49A1BA236C459F00960189 /* LuaVM.swift */,
			);
			path = Api;
			sourceTree = "<group>";
		};
		60FA2434236741F30022E5DF /* nubmer */ = {
			isa = PBXGroup;
			children = (
				60FA2435236741FD0022E5DF /* math.swift */,
				60FA24372367C12D0022E5DF /* parser.swift */,
				60FA24392368857B0022E5DF /* Arith.swift */,
			);
			path = nubmer;
			sourceTree = "<group>";
		};
/* End PBXGroup section */

/* Begin PBXNativeTarget section */
		605F89B02359FBC9002167FC /* LuaImplementation */ = {
			isa = PBXNativeTarget;
			buildConfigurationList = 605F89B82359FBC9002167FC /* Build configuration list for PBXNativeTarget "LuaImplementation" */;
			buildPhases = (
				605F89AD2359FBC9002167FC /* Sources */,
				605F89AE2359FBC9002167FC /* Frameworks */,
				605F89AF2359FBC9002167FC /* CopyFiles */,
			);
			buildRules = (
			);
			dependencies = (
			);
			name = LuaImplementation;
			productName = LuaImplementation;
			productReference = 605F89B12359FBC9002167FC /* LuaImplementation */;
			productType = "com.apple.product-type.tool";
		};
/* End PBXNativeTarget section */

/* Begin PBXProject section */
		605F89A92359FBC9002167FC /* Project object */ = {
			isa = PBXProject;
			attributes = {
				LastSwiftUpdateCheck = 1030;
				LastUpgradeCheck = 1030;
				ORGANIZATIONNAME = AlexZHU;
				TargetAttributes = {
					605F89B02359FBC9002167FC = {
						CreatedOnToolsVersion = 10.3;
					};
				};
			};
			buildConfigurationList = 605F89AC2359FBC9002167FC /* Build configuration list for PBXProject "LuaImplementation" */;
			compatibilityVersion = "Xcode 9.3";
			developmentRegion = en;
			hasScannedForEncodings = 0;
			knownRegions = (
				en,
			);
			mainGroup = 605F89A82359FBC9002167FC;
			productRefGroup = 605F89B22359FBC9002167FC /* Products */;
			projectDirPath = "";
			projectRoot = "";
			targets = (
				605F89B02359FBC9002167FC /* LuaImplementation */,
			);
		};
/* End PBXProject section */

/* Begin PBXSourcesBuildPhase section */
		605F89AD2359FBC9002167FC /* Sources */ = {
			isa = PBXSourcesBuildPhase;
			buildActionMask = 2147483647;
			files = (
				60FA24272361F9CD0022E5DF /* Instruction.swift in Sources */,
				60FA2431236596940022E5DF /* LuaStateInstance.swift in Sources */,
				605F89BD2359FC11002167FC /* reader.swift in Sources */,
				60FA24332365D0AC0022E5DF /* ApiAccess.swift in Sources */,
				60FA24382367C12D0022E5DF /* parser.swift in Sources */,
				605F89C02359FDCD002167FC /* Bytes.swift in Sources */,
				60FA24252361EABD0022E5DF /* OpCodes.swift in Sources */,
				605F89B52359FBC9002167FC /* main.swift in Sources */,
				60FA2436236741FD0022E5DF /* math.swift in Sources */,
				9C49A1B9236BD84E00960189 /* LuaValue.swift in Sources */,
				60FA242F2365946C0022E5DF /* LuaState.swift in Sources */,
				9CCAFFBF23717EC600DB90F8 /* LuaValue+Table.swift in Sources */,
				9C49A1BB236C459F00960189 /* LuaVM.swift in Sources */,
				60FA2429236482DA0022E5DF /* Api.swift in Sources */,
				605F89BE2359FC11002167FC /* binary_chunk.swift in Sources */,
				60FA243A2368857B0022E5DF /* Arith.swift in Sources */,
				60FA242B236563350022E5DF /* LuaStack.swift in Sources */,
			);
			runOnlyForDeploymentPostprocessing = 0;
		};
/* End PBXSourcesBuildPhase section */

/* Begin XCBuildConfiguration section */
		605F89B62359FBC9002167FC /* Debug */ = {
			isa = XCBuildConfiguration;
			buildSettings = {
				ALWAYS_SEARCH_USER_PATHS = NO;
				CLANG_ANALYZER_NONNULL = YES;
				CLANG_ANALYZER_NUMBER_OBJECT_CONVERSION = YES_AGGRESSIVE;
				CLANG_CXX_LANGUAGE_STANDARD = "gnu++14";
				CLANG_CXX_LIBRARY = "libc++";
				CLANG_ENABLE_MODULES = YES;
				CLANG_ENABLE_OBJC_ARC = YES;
				CLANG_ENABLE_OBJC_WEAK = YES;
				CLANG_WARN_BLOCK_CAPTURE_AUTORELEASING = YES;
				CLANG_WARN_BOOL_CONVERSION = YES;
				CLANG_WARN_COMMA = YES;
				CLANG_WARN_CONSTANT_CONVERSION = YES;
				CLANG_WARN_DEPRECATED_OBJC_IMPLEMENTATIONS = YES;
				CLANG_WARN_DIRECT_OBJC_ISA_USAGE = YES_ERROR;
				CLANG_WARN_DOCUMENTATION_COMMENTS = YES;
				CLANG_WARN_EMPTY_BODY = YES;
				CLANG_WARN_ENUM_CONVERSION = YES;
				CLANG_WARN_INFINITE_RECURSION = YES;
				CLANG_WARN_INT_CONVERSION = YES;
				CLANG_WARN_NON_LITERAL_NULL_CONVERSION = YES;
				CLANG_WARN_OBJC_IMPLICIT_RETAIN_SELF = YES;
				CLANG_WARN_OBJC_LITERAL_CONVERSION = YES;
				CLANG_WARN_OBJC_ROOT_CLASS = YES_ERROR;
				CLANG_WARN_RANGE_LOOP_ANALYSIS = YES;
				CLANG_WARN_STRICT_PROTOTYPES = YES;
				CLANG_WARN_SUSPICIOUS_MOVE = YES;
				CLANG_WARN_UNGUARDED_AVAILABILITY = YES_AGGRESSIVE;
				CLANG_WARN_UNREACHABLE_CODE = YES;
				CLANG_WARN__DUPLICATE_METHOD_MATCH = YES;
				CODE_SIGN_IDENTITY = "Mac Developer";
				COPY_PHASE_STRIP = NO;
				DEBUG_INFORMATION_FORMAT = dwarf;
				ENABLE_STRICT_OBJC_MSGSEND = YES;
				ENABLE_TESTABILITY = YES;
				GCC_C_LANGUAGE_STANDARD = gnu11;
				GCC_DYNAMIC_NO_PIC = NO;
				GCC_NO_COMMON_BLOCKS = YES;
				GCC_OPTIMIZATION_LEVEL = 0;
				GCC_PREPROCESSOR_DEFINITIONS = (
					"DEBUG=1",
					"$(inherited)",
				);
				GCC_WARN_64_TO_32_BIT_CONVERSION = YES;
				GCC_WARN_ABOUT_RETURN_TYPE = YES_ERROR;
				GCC_WARN_UNDECLARED_SELECTOR = YES;
				GCC_WARN_UNINITIALIZED_AUTOS = YES_AGGRESSIVE;
				GCC_WARN_UNUSED_FUNCTION = YES;
				GCC_WARN_UNUSED_VARIABLE = YES;
				MACOSX_DEPLOYMENT_TARGET = 10.14;
				MTL_ENABLE_DEBUG_INFO = INCLUDE_SOURCE;
				MTL_FAST_MATH = YES;
				ONLY_ACTIVE_ARCH = YES;
				SDKROOT = macosx;
				SWIFT_ACTIVE_COMPILATION_CONDITIONS = DEBUG;
				SWIFT_OPTIMIZATION_LEVEL = "-Onone";
			};
			name = Debug;
		};
		605F89B72359FBC9002167FC /* Release */ = {
			isa = XCBuildConfiguration;
			buildSettings = {
				ALWAYS_SEARCH_USER_PATHS = NO;
				CLANG_ANALYZER_NONNULL = YES;
				CLANG_ANALYZER_NUMBER_OBJECT_CONVERSION = YES_AGGRESSIVE;
				CLANG_CXX_LANGUAGE_STANDARD = "gnu++14";
				CLANG_CXX_LIBRARY = "libc++";
				CLANG_ENABLE_MODULES = YES;
				CLANG_ENABLE_OBJC_ARC = YES;
				CLANG_ENABLE_OBJC_WEAK = YES;
				CLANG_WARN_BLOCK_CAPTURE_AUTORELEASING = YES;
				CLANG_WARN_BOOL_CONVERSION = YES;
				CLANG_WARN_COMMA = YES;
				CLANG_WARN_CONSTANT_CONVERSION = YES;
				CLANG_WARN_DEPRECATED_OBJC_IMPLEMENTATIONS = YES;
				CLANG_WARN_DIRECT_OBJC_ISA_USAGE = YES_ERROR;
				CLANG_WARN_DOCUMENTATION_COMMENTS = YES;
				CLANG_WARN_EMPTY_BODY = YES;
				CLANG_WARN_ENUM_CONVERSION = YES;
				CLANG_WARN_INFINITE_RECURSION = YES;
				CLANG_WARN_INT_CONVERSION = YES;
				CLANG_WARN_NON_LITERAL_NULL_CONVERSION = YES;
				CLANG_WARN_OBJC_IMPLICIT_RETAIN_SELF = YES;
				CLANG_WARN_OBJC_LITERAL_CONVERSION = YES;
				CLANG_WARN_OBJC_ROOT_CLASS = YES_ERROR;
				CLANG_WARN_RANGE_LOOP_ANALYSIS = YES;
				CLANG_WARN_STRICT_PROTOTYPES = YES;
				CLANG_WARN_SUSPICIOUS_MOVE = YES;
				CLANG_WARN_UNGUARDED_AVAILABILITY = YES_AGGRESSIVE;
				CLANG_WARN_UNREACHABLE_CODE = YES;
				CLANG_WARN__DUPLICATE_METHOD_MATCH = YES;
				CODE_SIGN_IDENTITY = "Mac Developer";
				COPY_PHASE_STRIP = NO;
				DEBUG_INFORMATION_FORMAT = "dwarf-with-dsym";
				ENABLE_NS_ASSERTIONS = NO;
				ENABLE_STRICT_OBJC_MSGSEND = YES;
				GCC_C_LANGUAGE_STANDARD = gnu11;
				GCC_NO_COMMON_BLOCKS = YES;
				GCC_WARN_64_TO_32_BIT_CONVERSION = YES;
				GCC_WARN_ABOUT_RETURN_TYPE = YES_ERROR;
				GCC_WARN_UNDECLARED_SELECTOR = YES;
				GCC_WARN_UNINITIALIZED_AUTOS = YES_AGGRESSIVE;
				GCC_WARN_UNUSED_FUNCTION = YES;
				GCC_WARN_UNUSED_VARIABLE = YES;
				MACOSX_DEPLOYMENT_TARGET = 10.14;
				MTL_ENABLE_DEBUG_INFO = NO;
				MTL_FAST_MATH = YES;
				SDKROOT = macosx;
				SWIFT_COMPILATION_MODE = wholemodule;
				SWIFT_OPTIMIZATION_LEVEL = "-O";
			};
			name = Release;
		};
		605F89B92359FBC9002167FC /* Debug */ = {
			isa = XCBuildConfiguration;
			buildSettings = {
				CODE_SIGN_STYLE = Automatic;
				DEVELOPMENT_TEAM = B9XGRFFGL8;
				PRODUCT_NAME = "$(TARGET_NAME)";
				SWIFT_VERSION = 5.0;
			};
			name = Debug;
		};
		605F89BA2359FBC9002167FC /* Release */ = {
			isa = XCBuildConfiguration;
			buildSettings = {
				CODE_SIGN_STYLE = Automatic;
				DEVELOPMENT_TEAM = B9XGRFFGL8;
				PRODUCT_NAME = "$(TARGET_NAME)";
				SWIFT_VERSION = 5.0;
			};
			name = Release;
		};
/* End XCBuildConfiguration section */

/* Begin XCConfigurationList section */
		605F89AC2359FBC9002167FC /* Build configuration list for PBXProject "LuaImplementation" */ = {
			isa = XCConfigurationList;
			buildConfigurations = (
				605F89B62359FBC9002167FC /* Debug */,
				605F89B72359FBC9002167FC /* Release */,
			);
			defaultConfigurationIsVisible = 0;
			defaultConfigurationName = Release;
		};
		605F89B82359FBC9002167FC /* Build configuration list for PBXNativeTarget "LuaImplementation" */ = {
			isa = XCConfigurationList;
			buildConfigurations = (
				605F89B92359FBC9002167FC /* Debug */,
				605F89BA2359FBC9002167FC /* Release */,
			);
			defaultConfigurationIsVisible = 0;
			defaultConfigurationName = Release;
		};
/* End XCConfigurationList section */
	};
	rootObject = 605F89A92359FBC9002167FC /* Project object */;
}
